
Microsoft Visual Studio Solution File, Format Version 12.00
Project("{FAE04EC0-301F-11D3-BF4B-00C04F79EFBC}") = "AppointmentSchedulingSystem", "AppointmentSchedulingSystem\AppointmentSchedulingSystem.csproj", "{86240749-0C71-4EAD-A9B7-E24BC296F6A9}"
EndProject
Project("{2150E333-8FDC-42A3-9474-1A3956D46DE8}") = "src", "src", "{71B224AF-C047-4A29-BE21-E426E32F37B3}"
EndProject
Project("{2150E333-8FDC-42A3-9474-1A3956D46DE8}") = "tests", "tests", "{37C8AB29-4A7B-4EC2-A547-9DF33F66925C}"
EndProject
Project("{2150E333-8FDC-42A3-9474-1A3956D46DE8}") = "Persistence", "Persistence", "{F59D6F9B-EB33-43B7-9B09-A4AEA685EA74}"
EndProject
Project("{FAE04EC0-301F-11D3-BF4B-00C04F79EFBC}") = "Persistence", "src\Persistance\Persistence.csproj", "{71D6EF67-50BF-4E14-B11A-95CB61399792}"
EndProject
Project("{2150E333-8FDC-42A3-9474-1A3956D46DE8}") = "Domain", "Domain", "{25FC5EAA-2692-428F-9123-5EA5A07E77F3}"
EndProject
Project("{FAE04EC0-301F-11D3-BF4B-00C04F79EFBC}") = "Domain", "src\Domain\Domain.csproj", "{FEFB949E-83DB-4A22-AF36-AF4CC56B05ED}"
EndProject
Project("{FAE04EC0-301F-11D3-BF4B-00C04F79EFBC}") = "Persistence", "src\Persistence\Persistence.csproj", "{AE158355-6C53-43DA-A6AD-2E267943DF54}"
EndProject
Project("{2150E333-8FDC-42A3-9474-1A3956D46DE8}") = "Solution Items", "Solution Items", "{8BDFDA18-A4FB-4FE9-BDDE-92068739F3FC}"
	ProjectSection(SolutionItems) = preProject
		docker-compose.yml = docker-compose.yml
		.env = .env
		.gitignore = .gitignore
	EndProjectSection
EndProject
Project("{2150E333-8FDC-42A3-9474-1A3956D46DE8}") = "Application", "Application", "{BD4EF87B-EA4E-43E0-9AFD-E0DC7A97CCD8}"
EndProject
Project("{FAE04EC0-301F-11D3-BF4B-00C04F79EFBC}") = "Services", "src\Services\Services.csproj", "{6C93944E-E506-409D-AED3-784CF6F93D8D}"
EndProject
Project("{FAE04EC0-301F-11D3-BF4B-00C04F79EFBC}") = "Contracts", "src\Contracts\Contracts.csproj", "{B18B7E25-2F31-41F5-BB81-86DEE78F8C7B}"
EndProject
Project("{FAE04EC0-301F-11D3-BF4B-00C04F79EFBC}") = "Mapping", "src\Mapping\Mapping.csproj", "{8BEB28C5-5A1F-4E3B-BCB4-B1A3D1130AF6}"
EndProject
Global
	GlobalSection(SolutionConfigurationPlatforms) = preSolution
		Debug|Any CPU = Debug|Any CPU
		Release|Any CPU = Release|Any CPU
	EndGlobalSection
	GlobalSection(ProjectConfigurationPlatforms) = postSolution
		{86240749-0C71-4EAD-A9B7-E24BC296F6A9}.Debug|Any CPU.ActiveCfg = Debug|Any CPU
		{86240749-0C71-4EAD-A9B7-E24BC296F6A9}.Debug|Any CPU.Build.0 = Debug|Any CPU
		{86240749-0C71-4EAD-A9B7-E24BC296F6A9}.Release|Any CPU.ActiveCfg = Release|Any CPU
		{86240749-0C71-4EAD-A9B7-E24BC296F6A9}.Release|Any CPU.Build.0 = Release|Any CPU
		{71D6EF67-50BF-4E14-B11A-95CB61399792}.Debug|Any CPU.ActiveCfg = Debug|Any CPU
		{71D6EF67-50BF-4E14-B11A-95CB61399792}.Debug|Any CPU.Build.0 = Debug|Any CPU
		{71D6EF67-50BF-4E14-B11A-95CB61399792}.Release|Any CPU.ActiveCfg = Release|Any CPU
		{71D6EF67-50BF-4E14-B11A-95CB61399792}.Release|Any CPU.Build.0 = Release|Any CPU
		{FEFB949E-83DB-4A22-AF36-AF4CC56B05ED}.Debug|Any CPU.ActiveCfg = Debug|Any CPU
		{FEFB949E-83DB-4A22-AF36-AF4CC56B05ED}.Debug|Any CPU.Build.0 = Debug|Any CPU
		{FEFB949E-83DB-4A22-AF36-AF4CC56B05ED}.Release|Any CPU.ActiveCfg = Release|Any CPU
		{FEFB949E-83DB-4A22-AF36-AF4CC56B05ED}.Release|Any CPU.Build.0 = Release|Any CPU
		{AE158355-6C53-43DA-A6AD-2E267943DF54}.Debug|Any CPU.ActiveCfg = Debug|Any CPU
		{AE158355-6C53-43DA-A6AD-2E267943DF54}.Debug|Any CPU.Build.0 = Debug|Any CPU
		{AE158355-6C53-43DA-A6AD-2E267943DF54}.Release|Any CPU.ActiveCfg = Release|Any CPU
		{AE158355-6C53-43DA-A6AD-2E267943DF54}.Release|Any CPU.Build.0 = Release|Any CPU
		{6C93944E-E506-409D-AED3-784CF6F93D8D}.Debug|Any CPU.ActiveCfg = Debug|Any CPU
		{6C93944E-E506-409D-AED3-784CF6F93D8D}.Debug|Any CPU.Build.0 = Debug|Any CPU
		{6C93944E-E506-409D-AED3-784CF6F93D8D}.Release|Any CPU.ActiveCfg = Release|Any CPU
		{6C93944E-E506-409D-AED3-784CF6F93D8D}.Release|Any CPU.Build.0 = Release|Any CPU
		{B18B7E25-2F31-41F5-BB81-86DEE78F8C7B}.Debug|Any CPU.ActiveCfg = Debug|Any CPU
		{B18B7E25-2F31-41F5-BB81-86DEE78F8C7B}.Debug|Any CPU.Build.0 = Debug|Any CPU
		{B18B7E25-2F31-41F5-BB81-86DEE78F8C7B}.Release|Any CPU.ActiveCfg = Release|Any CPU
		{B18B7E25-2F31-41F5-BB81-86DEE78F8C7B}.Release|Any CPU.Build.0 = Release|Any CPU
		{8BEB28C5-5A1F-4E3B-BCB4-B1A3D1130AF6}.Debug|Any CPU.ActiveCfg = Debug|Any CPU
		{8BEB28C5-5A1F-4E3B-BCB4-B1A3D1130AF6}.Debug|Any CPU.Build.0 = Debug|Any CPU
		{8BEB28C5-5A1F-4E3B-BCB4-B1A3D1130AF6}.Release|Any CPU.ActiveCfg = Release|Any CPU
		{8BEB28C5-5A1F-4E3B-BCB4-B1A3D1130AF6}.Release|Any CPU.Build.0 = Release|Any CPU
	EndGlobalSection
	GlobalSection(NestedProjects) = preSolution
		{F59D6F9B-EB33-43B7-9B09-A4AEA685EA74} = {71B224AF-C047-4A29-BE21-E426E32F37B3}
		{71D6EF67-50BF-4E14-B11A-95CB61399792} = {F59D6F9B-EB33-43B7-9B09-A4AEA685EA74}
		{25FC5EAA-2692-428F-9123-5EA5A07E77F3} = {71B224AF-C047-4A29-BE21-E426E32F37B3}
		{FEFB949E-83DB-4A22-AF36-AF4CC56B05ED} = {25FC5EAA-2692-428F-9123-5EA5A07E77F3}
		{AE158355-6C53-43DA-A6AD-2E267943DF54} = {F59D6F9B-EB33-43B7-9B09-A4AEA685EA74}
		{BD4EF87B-EA4E-43E0-9AFD-E0DC7A97CCD8} = {71B224AF-C047-4A29-BE21-E426E32F37B3}
		{6C93944E-E506-409D-AED3-784CF6F93D8D} = {BD4EF87B-EA4E-43E0-9AFD-E0DC7A97CCD8}
		{B18B7E25-2F31-41F5-BB81-86DEE78F8C7B} = {BD4EF87B-EA4E-43E0-9AFD-E0DC7A97CCD8}
		{8BEB28C5-5A1F-4E3B-BCB4-B1A3D1130AF6} = {BD4EF87B-EA4E-43E0-9AFD-E0DC7A97CCD8}
	EndGlobalSection
EndGlobal
